// !$*UTF8*$!
{
	archiveVersion = 1;
	classes = {
	};
	objectVersion = 50;
	objects = {

/* Begin PBXBuildFile section */
		B61DA5D226299259008CADBF /* CurrencyField.swift in Sources */ = {isa = PBXBuildFile; fileRef = B61DA5D126299259008CADBF /* CurrencyField.swift */; };
		B62CB2192658557600A0CEDA /* BudgetPaymentRow.swift in Sources */ = {isa = PBXBuildFile; fileRef = B62CB2182658557600A0CEDA /* BudgetPaymentRow.swift */; };
		B62CB21B265860B700A0CEDA /* PaymentParty.swift in Sources */ = {isa = PBXBuildFile; fileRef = B62CB21A265860B700A0CEDA /* PaymentParty.swift */; };
		B63D540526590B6F00B366B2 /* Budget+Payments.swift in Sources */ = {isa = PBXBuildFile; fileRef = B63D540426590B6F00B366B2 /* Budget+Payments.swift */; };
		B63D54072659315C00B366B2 /* PaymentPartyPicker.swift in Sources */ = {isa = PBXBuildFile; fileRef = B63D54062659315C00B366B2 /* PaymentPartyPicker.swift */; };
		B640447D26586C95002A8355 /* NumberFormatter+Currency.swift in Sources */ = {isa = PBXBuildFile; fileRef = B640447C26586C95002A8355 /* NumberFormatter+Currency.swift */; };
		B66781AF26582A4A0080B421 /* PaymentDirection.swift in Sources */ = {isa = PBXBuildFile; fileRef = B66781AE26582A4A0080B421 /* PaymentDirection.swift */; };
		B66781B126582AF60080B421 /* ContactPayment+Direction.swift in Sources */ = {isa = PBXBuildFile; fileRef = B66781B026582AF60080B421 /* ContactPayment+Direction.swift */; };
		B668E3A5261644F50099C3AB /* Budget.xcdatamodeld in Sources */ = {isa = PBXBuildFile; fileRef = B668E3A3261644F50099C3AB /* Budget.xcdatamodeld */; };
		B668E3A8261645850099C3AB /* PersistenceController.swift in Sources */ = {isa = PBXBuildFile; fileRef = B668E3A7261645850099C3AB /* PersistenceController.swift */; };
		B668E3B226164FF00099C3AB /* Budget+TotalBalance.swift in Sources */ = {isa = PBXBuildFile; fileRef = B668E3B126164FF00099C3AB /* Budget+TotalBalance.swift */; };
		B683B27826069F7800F7F347 /* BudgetList.swift in Sources */ = {isa = PBXBuildFile; fileRef = B683B27726069F7800F7F347 /* BudgetList.swift */; };
		B6BA883D26595B5A00811898 /* ContactCreator.swift in Sources */ = {isa = PBXBuildFile; fileRef = B6BA883C26595B5A00811898 /* ContactCreator.swift */; };
		B6BA883F2659620700811898 /* PaymentPartyPickerBudgetsList.swift in Sources */ = {isa = PBXBuildFile; fileRef = B6BA883E2659620700811898 /* PaymentPartyPickerBudgetsList.swift */; };
		B6C78A802606AB6D007B2CC5 /* TotalBalance.swift in Sources */ = {isa = PBXBuildFile; fileRef = B6C78A7F2606AB6D007B2CC5 /* TotalBalance.swift */; };
		B6C78A892606BDC7007B2CC5 /* BudgetCreator.swift in Sources */ = {isa = PBXBuildFile; fileRef = B6C78A882606BDC7007B2CC5 /* BudgetCreator.swift */; };
		B6C78A8C2607619E007B2CC5 /* ColorPicker.swift in Sources */ = {isa = PBXBuildFile; fileRef = B6C78A8B2607619D007B2CC5 /* ColorPicker.swift */; };
		B6C78A9026077E53007B2CC5 /* BudgetView.swift in Sources */ = {isa = PBXBuildFile; fileRef = B6C78A8F26077E52007B2CC5 /* BudgetView.swift */; };
		B6C78AA4260790C2007B2CC5 /* ContactPaymentRow.swift in Sources */ = {isa = PBXBuildFile; fileRef = B6C78AA3260790C2007B2CC5 /* ContactPaymentRow.swift */; };
		B6D09D7B26429F65000A6F4A /* PaymentCreatorBudgetRow.swift in Sources */ = {isa = PBXBuildFile; fileRef = B6D09D7A26429F65000A6F4A /* PaymentCreatorBudgetRow.swift */; };
		B6E093172628D8DD0091F9A6 /* PaymentCreator.swift in Sources */ = {isa = PBXBuildFile; fileRef = B6E093162628D8DD0091F9A6 /* PaymentCreator.swift */; };
		B6E4DD0826169287004C3D3C /* Budget+BudgetColor.swift in Sources */ = {isa = PBXBuildFile; fileRef = B6E4DD0726169286004C3D3C /* Budget+BudgetColor.swift */; };
		B6E4DD0B261692EA004C3D3C /* BudgetColor.swift in Sources */ = {isa = PBXBuildFile; fileRef = B6E4DD0A261692EA004C3D3C /* BudgetColor.swift */; };
		B6E4DD14261726DF004C3D3C /* BudgetEditor.swift in Sources */ = {isa = PBXBuildFile; fileRef = B6E4DD13261726DF004C3D3C /* BudgetEditor.swift */; };
		B6F504BC260695E5005E20A5 /* BudgetApp.swift in Sources */ = {isa = PBXBuildFile; fileRef = B6F504BB260695E5005E20A5 /* BudgetApp.swift */; };
		B6F504BE260695E5005E20A5 /* BudgetListItem.swift in Sources */ = {isa = PBXBuildFile; fileRef = B6F504BD260695E5005E20A5 /* BudgetListItem.swift */; };
		B6F504C0260695E7005E20A5 /* Assets.xcassets in Resources */ = {isa = PBXBuildFile; fileRef = B6F504BF260695E7005E20A5 /* Assets.xcassets */; };
		B6F504C3260695E7005E20A5 /* Preview Assets.xcassets in Resources */ = {isa = PBXBuildFile; fileRef = B6F504C2260695E7005E20A5 /* Preview Assets.xcassets */; };
/* End PBXBuildFile section */

/* Begin PBXFileReference section */
		B61DA5D126299259008CADBF /* CurrencyField.swift */ = {isa = PBXFileReference; lastKnownFileType = sourcecode.swift; path = CurrencyField.swift; sourceTree = "<group>"; };
		B62CB2182658557600A0CEDA /* BudgetPaymentRow.swift */ = {isa = PBXFileReference; lastKnownFileType = sourcecode.swift; path = BudgetPaymentRow.swift; sourceTree = "<group>"; };
		B62CB21A265860B700A0CEDA /* PaymentParty.swift */ = {isa = PBXFileReference; lastKnownFileType = sourcecode.swift; path = PaymentParty.swift; sourceTree = "<group>"; };
		B63D540426590B6F00B366B2 /* Budget+Payments.swift */ = {isa = PBXFileReference; lastKnownFileType = sourcecode.swift; path = "Budget+Payments.swift"; sourceTree = "<group>"; };
		B63D54062659315C00B366B2 /* PaymentPartyPicker.swift */ = {isa = PBXFileReference; lastKnownFileType = sourcecode.swift; path = PaymentPartyPicker.swift; sourceTree = "<group>"; };
		B640447C26586C95002A8355 /* NumberFormatter+Currency.swift */ = {isa = PBXFileReference; lastKnownFileType = sourcecode.swift; path = "NumberFormatter+Currency.swift"; sourceTree = "<group>"; };
		B66781AE26582A4A0080B421 /* PaymentDirection.swift */ = {isa = PBXFileReference; lastKnownFileType = sourcecode.swift; path = PaymentDirection.swift; sourceTree = "<group>"; };
		B66781B026582AF60080B421 /* ContactPayment+Direction.swift */ = {isa = PBXFileReference; lastKnownFileType = sourcecode.swift; path = "ContactPayment+Direction.swift"; sourceTree = "<group>"; };
		B668E3A4261644F50099C3AB /* Budget.xcdatamodel */ = {isa = PBXFileReference; lastKnownFileType = wrapper.xcdatamodel; path = Budget.xcdatamodel; sourceTree = "<group>"; };
		B668E3A7261645850099C3AB /* PersistenceController.swift */ = {isa = PBXFileReference; lastKnownFileType = sourcecode.swift; path = PersistenceController.swift; sourceTree = "<group>"; };
		B668E3B126164FF00099C3AB /* Budget+TotalBalance.swift */ = {isa = PBXFileReference; lastKnownFileType = sourcecode.swift; path = "Budget+TotalBalance.swift"; sourceTree = "<group>"; };
		B683B27726069F7800F7F347 /* BudgetList.swift */ = {isa = PBXFileReference; lastKnownFileType = sourcecode.swift; path = BudgetList.swift; sourceTree = "<group>"; };
		B6BA883C26595B5A00811898 /* ContactCreator.swift */ = {isa = PBXFileReference; lastKnownFileType = sourcecode.swift; path = ContactCreator.swift; sourceTree = "<group>"; };
		B6BA883E2659620700811898 /* PaymentPartyPickerBudgetsList.swift */ = {isa = PBXFileReference; lastKnownFileType = sourcecode.swift; path = PaymentPartyPickerBudgetsList.swift; sourceTree = "<group>"; };
		B6C78A7F2606AB6D007B2CC5 /* TotalBalance.swift */ = {isa = PBXFileReference; lastKnownFileType = sourcecode.swift; path = TotalBalance.swift; sourceTree = "<group>"; };
		B6C78A882606BDC7007B2CC5 /* BudgetCreator.swift */ = {isa = PBXFileReference; lastKnownFileType = sourcecode.swift; path = BudgetCreator.swift; sourceTree = "<group>"; };
		B6C78A8B2607619D007B2CC5 /* ColorPicker.swift */ = {isa = PBXFileReference; lastKnownFileType = sourcecode.swift; path = ColorPicker.swift; sourceTree = "<group>"; };
		B6C78A8F26077E52007B2CC5 /* BudgetView.swift */ = {isa = PBXFileReference; lastKnownFileType = sourcecode.swift; path = BudgetView.swift; sourceTree = "<group>"; };
		B6C78AA3260790C2007B2CC5 /* ContactPaymentRow.swift */ = {isa = PBXFileReference; lastKnownFileType = sourcecode.swift; path = ContactPaymentRow.swift; sourceTree = "<group>"; };
		B6D09D7A26429F65000A6F4A /* PaymentCreatorBudgetRow.swift */ = {isa = PBXFileReference; lastKnownFileType = sourcecode.swift; path = PaymentCreatorBudgetRow.swift; sourceTree = "<group>"; };
		B6E093162628D8DD0091F9A6 /* PaymentCreator.swift */ = {isa = PBXFileReference; lastKnownFileType = sourcecode.swift; path = PaymentCreator.swift; sourceTree = "<group>"; };
		B6E4DD0726169286004C3D3C /* Budget+BudgetColor.swift */ = {isa = PBXFileReference; lastKnownFileType = sourcecode.swift; path = "Budget+BudgetColor.swift"; sourceTree = "<group>"; };
		B6E4DD0A261692EA004C3D3C /* BudgetColor.swift */ = {isa = PBXFileReference; lastKnownFileType = sourcecode.swift; path = BudgetColor.swift; sourceTree = "<group>"; };
		B6E4DD13261726DF004C3D3C /* BudgetEditor.swift */ = {isa = PBXFileReference; lastKnownFileType = sourcecode.swift; path = BudgetEditor.swift; sourceTree = "<group>"; };
		B6F504B8260695E5005E20A5 /* Budget.app */ = {isa = PBXFileReference; explicitFileType = wrapper.application; includeInIndex = 0; path = Budget.app; sourceTree = BUILT_PRODUCTS_DIR; };
		B6F504BB260695E5005E20A5 /* BudgetApp.swift */ = {isa = PBXFileReference; lastKnownFileType = sourcecode.swift; path = BudgetApp.swift; sourceTree = "<group>"; };
		B6F504BD260695E5005E20A5 /* BudgetListItem.swift */ = {isa = PBXFileReference; lastKnownFileType = sourcecode.swift; path = BudgetListItem.swift; sourceTree = "<group>"; };
		B6F504BF260695E7005E20A5 /* Assets.xcassets */ = {isa = PBXFileReference; lastKnownFileType = folder.assetcatalog; path = Assets.xcassets; sourceTree = "<group>"; };
		B6F504C2260695E7005E20A5 /* Preview Assets.xcassets */ = {isa = PBXFileReference; lastKnownFileType = folder.assetcatalog; path = "Preview Assets.xcassets"; sourceTree = "<group>"; };
		B6F504C4260695E7005E20A5 /* Info.plist */ = {isa = PBXFileReference; lastKnownFileType = text.plist.xml; path = Info.plist; sourceTree = "<group>"; };
/* End PBXFileReference section */

/* Begin PBXFrameworksBuildPhase section */
		B6F504B5260695E5005E20A5 /* Frameworks */ = {
			isa = PBXFrameworksBuildPhase;
			buildActionMask = 2147483647;
			files = (
			);
			runOnlyForDeploymentPostprocessing = 0;
		};
/* End PBXFrameworksBuildPhase section */

/* Begin PBXGroup section */
		B64FC475260C09D900CA02A4 /* Model */ = {
			isa = PBXGroup;
			children = (
				B668E3A3261644F50099C3AB /* Budget.xcdatamodeld */,
				B668E3A7261645850099C3AB /* PersistenceController.swift */,
				B668E3B126164FF00099C3AB /* Budget+TotalBalance.swift */,
				B63D540426590B6F00B366B2 /* Budget+Payments.swift */,
				B6E4DD0726169286004C3D3C /* Budget+BudgetColor.swift */,
				B6E4DD0A261692EA004C3D3C /* BudgetColor.swift */,
				B640447C26586C95002A8355 /* NumberFormatter+Currency.swift */,
				B66781AE26582A4A0080B421 /* PaymentDirection.swift */,
				B62CB21A265860B700A0CEDA /* PaymentParty.swift */,
				B66781B026582AF60080B421 /* ContactPayment+Direction.swift */,
			);
			path = Model;
			sourceTree = "<group>";
		};
		B67A913C2659AF96003AADD8 /* View */ = {
			isa = PBXGroup;
			children = (
				B683B27726069F7800F7F347 /* BudgetList.swift */,
				B6F504BD260695E5005E20A5 /* BudgetListItem.swift */,
				B6C78A7F2606AB6D007B2CC5 /* TotalBalance.swift */,
				B6C78A882606BDC7007B2CC5 /* BudgetCreator.swift */,
				B6E4DD13261726DF004C3D3C /* BudgetEditor.swift */,
				B67A913E2659B08A003AADD8 /* BudgetView */,
			);
			path = View;
			sourceTree = "<group>";
		};
		B67A913D2659AFC1003AADD8 /* PaymentCreator */ = {
			isa = PBXGroup;
			children = (
				B6E093162628D8DD0091F9A6 /* PaymentCreator.swift */,
				B6D09D7A26429F65000A6F4A /* PaymentCreatorBudgetRow.swift */,
				B61DA5D126299259008CADBF /* CurrencyField.swift */,
				B63D54062659315C00B366B2 /* PaymentPartyPicker.swift */,
				B6BA883E2659620700811898 /* PaymentPartyPickerBudgetsList.swift */,
				B6BA883C26595B5A00811898 /* ContactCreator.swift */,
			);
			path = PaymentCreator;
			sourceTree = "<group>";
		};
		B67A913E2659B08A003AADD8 /* BudgetView */ = {
			isa = PBXGroup;
			children = (
				B6C78A8F26077E52007B2CC5 /* BudgetView.swift */,
				B6C78AA3260790C2007B2CC5 /* ContactPaymentRow.swift */,
				B62CB2182658557600A0CEDA /* BudgetPaymentRow.swift */,
				B6C78A8B2607619D007B2CC5 /* ColorPicker.swift */,
				B67A913D2659AFC1003AADD8 /* PaymentCreator */,
			);
			path = BudgetView;
			sourceTree = "<group>";
		};
		B6F504AF260695E5005E20A5 = {
			isa = PBXGroup;
			children = (
				B6F504BA260695E5005E20A5 /* Budget */,
				B6F504B9260695E5005E20A5 /* Products */,
			);
			sourceTree = "<group>";
		};
		B6F504B9260695E5005E20A5 /* Products */ = {
			isa = PBXGroup;
			children = (
				B6F504B8260695E5005E20A5 /* Budget.app */,
			);
			name = Products;
			sourceTree = "<group>";
		};
		B6F504BA260695E5005E20A5 /* Budget */ = {
			isa = PBXGroup;
			children = (
				B6F504BB260695E5005E20A5 /* BudgetApp.swift */,
				B64FC475260C09D900CA02A4 /* Model */,
				B67A913C2659AF96003AADD8 /* View */,
				B6F504BF260695E7005E20A5 /* Assets.xcassets */,
				B6F504C4260695E7005E20A5 /* Info.plist */,
				B6F504C1260695E7005E20A5 /* Preview Content */,
			);
			path = Budget;
			sourceTree = "<group>";
		};
		B6F504C1260695E7005E20A5 /* Preview Content */ = {
			isa = PBXGroup;
			children = (
				B6F504C2260695E7005E20A5 /* Preview Assets.xcassets */,
			);
			path = "Preview Content";
			sourceTree = "<group>";
		};
/* End PBXGroup section */

/* Begin PBXNativeTarget section */
		B6F504B7260695E5005E20A5 /* Budget */ = {
			isa = PBXNativeTarget;
			buildConfigurationList = B6F504C7260695E7005E20A5 /* Build configuration list for PBXNativeTarget "Budget" */;
			buildPhases = (
				B6F504B4260695E5005E20A5 /* Sources */,
				B6F504B5260695E5005E20A5 /* Frameworks */,
				B6F504B6260695E5005E20A5 /* Resources */,
			);
			buildRules = (
			);
			dependencies = (
			);
			name = Budget;
			productName = Budget;
			productReference = B6F504B8260695E5005E20A5 /* Budget.app */;
			productType = "com.apple.product-type.application";
		};
/* End PBXNativeTarget section */

/* Begin PBXProject section */
		B6F504B0260695E5005E20A5 /* Project object */ = {
			isa = PBXProject;
			attributes = {
				LastSwiftUpdateCheck = 1240;
				LastUpgradeCheck = 1240;
				TargetAttributes = {
					B6F504B7260695E5005E20A5 = {
						CreatedOnToolsVersion = 12.4;
					};
				};
			};
			buildConfigurationList = B6F504B3260695E5005E20A5 /* Build configuration list for PBXProject "Budget" */;
			compatibilityVersion = "Xcode 9.3";
			developmentRegion = en;
			hasScannedForEncodings = 0;
			knownRegions = (
				en,
				Base,
			);
			mainGroup = B6F504AF260695E5005E20A5;
			productRefGroup = B6F504B9260695E5005E20A5 /* Products */;
			projectDirPath = "";
			projectRoot = "";
			targets = (
				B6F504B7260695E5005E20A5 /* Budget */,
			);
		};
/* End PBXProject section */

/* Begin PBXResourcesBuildPhase section */
		B6F504B6260695E5005E20A5 /* Resources */ = {
			isa = PBXResourcesBuildPhase;
			buildActionMask = 2147483647;
			files = (
				B6F504C3260695E7005E20A5 /* Preview Assets.xcassets in Resources */,
				B6F504C0260695E7005E20A5 /* Assets.xcassets in Resources */,
			);
			runOnlyForDeploymentPostprocessing = 0;
		};
/* End PBXResourcesBuildPhase section */

/* Begin PBXSourcesBuildPhase section */
		B6F504B4260695E5005E20A5 /* Sources */ = {
			isa = PBXSourcesBuildPhase;
			buildActionMask = 2147483647;
			files = (
				B6F504BE260695E5005E20A5 /* BudgetListItem.swift in Sources */,
				B6C78A9026077E53007B2CC5 /* BudgetView.swift in Sources */,
				B6E4DD0B261692EA004C3D3C /* BudgetColor.swift in Sources */,
				B668E3A5261644F50099C3AB /* Budget.xcdatamodeld in Sources */,
				B6F504BC260695E5005E20A5 /* BudgetApp.swift in Sources */,
				B63D540526590B6F00B366B2 /* Budget+Payments.swift in Sources */,
				B6E4DD0826169287004C3D3C /* Budget+BudgetColor.swift in Sources */,
				B66781B126582AF60080B421 /* ContactPayment+Direction.swift in Sources */,
				B61DA5D226299259008CADBF /* CurrencyField.swift in Sources */,
				B6E093172628D8DD0091F9A6 /* PaymentCreator.swift in Sources */,
				B6C78A8C2607619E007B2CC5 /* ColorPicker.swift in Sources */,
				B62CB21B265860B700A0CEDA /* PaymentParty.swift in Sources */,
				B62CB2192658557600A0CEDA /* BudgetPaymentRow.swift in Sources */,
				B63D54072659315C00B366B2 /* PaymentPartyPicker.swift in Sources */,
				B6E4DD14261726DF004C3D3C /* BudgetEditor.swift in Sources */,
				B6C78AA4260790C2007B2CC5 /* ContactPaymentRow.swift in Sources */,
				B6BA883F2659620700811898 /* PaymentPartyPickerBudgetsList.swift in Sources */,
				B6C78A892606BDC7007B2CC5 /* BudgetCreator.swift in Sources */,
				B6BA883D26595B5A00811898 /* ContactCreator.swift in Sources */,
				B668E3B226164FF00099C3AB /* Budget+TotalBalance.swift in Sources */,
				B668E3A8261645850099C3AB /* PersistenceController.swift in Sources */,
				B683B27826069F7800F7F347 /* BudgetList.swift in Sources */,
				B66781AF26582A4A0080B421 /* PaymentDirection.swift in Sources */,
				B6C78A802606AB6D007B2CC5 /* TotalBalance.swift in Sources */,
				B6D09D7B26429F65000A6F4A /* PaymentCreatorBudgetRow.swift in Sources */,
				B640447D26586C95002A8355 /* NumberFormatter+Currency.swift in Sources */,
			);
			runOnlyForDeploymentPostprocessing = 0;
		};
/* End PBXSourcesBuildPhase section */

/* Begin XCBuildConfiguration section */
		B6F504C5260695E7005E20A5 /* Debug */ = {
			isa = XCBuildConfiguration;
			buildSettings = {
				ALWAYS_SEARCH_USER_PATHS = NO;
				CLANG_ANALYZER_NONNULL = YES;
				CLANG_ANALYZER_NUMBER_OBJECT_CONVERSION = YES_AGGRESSIVE;
				CLANG_CXX_LANGUAGE_STANDARD = "gnu++14";
				CLANG_CXX_LIBRARY = "libc++";
				CLANG_ENABLE_MODULES = YES;
				CLANG_ENABLE_OBJC_ARC = YES;
				CLANG_ENABLE_OBJC_WEAK = YES;
				CLANG_WARN_BLOCK_CAPTURE_AUTORELEASING = YES;
				CLANG_WARN_BOOL_CONVERSION = YES;
				CLANG_WARN_COMMA = YES;
				CLANG_WARN_CONSTANT_CONVERSION = YES;
				CLANG_WARN_DEPRECATED_OBJC_IMPLEMENTATIONS = YES;
				CLANG_WARN_DIRECT_OBJC_ISA_USAGE = YES_ERROR;
				CLANG_WARN_DOCUMENTATION_COMMENTS = YES;
				CLANG_WARN_EMPTY_BODY = YES;
				CLANG_WARN_ENUM_CONVERSION = YES;
				CLANG_WARN_INFINITE_RECURSION = YES;
				CLANG_WARN_INT_CONVERSION = YES;
				CLANG_WARN_NON_LITERAL_NULL_CONVERSION = YES;
				CLANG_WARN_OBJC_IMPLICIT_RETAIN_SELF = YES;
				CLANG_WARN_OBJC_LITERAL_CONVERSION = YES;
				CLANG_WARN_OBJC_ROOT_CLASS = YES_ERROR;
				CLANG_WARN_QUOTED_INCLUDE_IN_FRAMEWORK_HEADER = YES;
				CLANG_WARN_RANGE_LOOP_ANALYSIS = YES;
				CLANG_WARN_STRICT_PROTOTYPES = YES;
				CLANG_WARN_SUSPICIOUS_MOVE = YES;
				CLANG_WARN_UNGUARDED_AVAILABILITY = YES_AGGRESSIVE;
				CLANG_WARN_UNREACHABLE_CODE = YES;
				CLANG_WARN__DUPLICATE_METHOD_MATCH = YES;
				COPY_PHASE_STRIP = NO;
				DEBUG_INFORMATION_FORMAT = dwarf;
				ENABLE_STRICT_OBJC_MSGSEND = YES;
				ENABLE_TESTABILITY = YES;
				GCC_C_LANGUAGE_STANDARD = gnu11;
				GCC_DYNAMIC_NO_PIC = NO;
				GCC_NO_COMMON_BLOCKS = YES;
				GCC_OPTIMIZATION_LEVEL = 0;
				GCC_PREPROCESSOR_DEFINITIONS = (
					"DEBUG=1",
					"$(inherited)",
				);
				GCC_WARN_64_TO_32_BIT_CONVERSION = YES;
				GCC_WARN_ABOUT_RETURN_TYPE = YES_ERROR;
				GCC_WARN_UNDECLARED_SELECTOR = YES;
				GCC_WARN_UNINITIALIZED_AUTOS = YES_AGGRESSIVE;
				GCC_WARN_UNUSED_FUNCTION = YES;
				GCC_WARN_UNUSED_VARIABLE = YES;
				IPHONEOS_DEPLOYMENT_TARGET = 14.4;
				MTL_ENABLE_DEBUG_INFO = INCLUDE_SOURCE;
				MTL_FAST_MATH = YES;
				ONLY_ACTIVE_ARCH = YES;
				SDKROOT = iphoneos;
				SWIFT_ACTIVE_COMPILATION_CONDITIONS = DEBUG;
				SWIFT_OPTIMIZATION_LEVEL = "-Onone";
			};
			name = Debug;
		};
		B6F504C6260695E7005E20A5 /* Release */ = {
			isa = XCBuildConfiguration;
			buildSettings = {
				ALWAYS_SEARCH_USER_PATHS = NO;
				CLANG_ANALYZER_NONNULL = YES;
				CLANG_ANALYZER_NUMBER_OBJECT_CONVERSION = YES_AGGRESSIVE;
				CLANG_CXX_LANGUAGE_STANDARD = "gnu++14";
				CLANG_CXX_LIBRARY = "libc++";
				CLANG_ENABLE_MODULES = YES;
				CLANG_ENABLE_OBJC_ARC = YES;
				CLANG_ENABLE_OBJC_WEAK = YES;
				CLANG_WARN_BLOCK_CAPTURE_AUTORELEASING = YES;
				CLANG_WARN_BOOL_CONVERSION = YES;
				CLANG_WARN_COMMA = YES;
				CLANG_WARN_CONSTANT_CONVERSION = YES;
				CLANG_WARN_DEPRECATED_OBJC_IMPLEMENTATIONS = YES;
				CLANG_WARN_DIRECT_OBJC_ISA_USAGE = YES_ERROR;
				CLANG_WARN_DOCUMENTATION_COMMENTS = YES;
				CLANG_WARN_EMPTY_BODY = YES;
				CLANG_WARN_ENUM_CONVERSION = YES;
				CLANG_WARN_INFINITE_RECURSION = YES;
				CLANG_WARN_INT_CONVERSION = YES;
				CLANG_WARN_NON_LITERAL_NULL_CONVERSION = YES;
				CLANG_WARN_OBJC_IMPLICIT_RETAIN_SELF = YES;
				CLANG_WARN_OBJC_LITERAL_CONVERSION = YES;
				CLANG_WARN_OBJC_ROOT_CLASS = YES_ERROR;
				CLANG_WARN_QUOTED_INCLUDE_IN_FRAMEWORK_HEADER = YES;
				CLANG_WARN_RANGE_LOOP_ANALYSIS = YES;
				CLANG_WARN_STRICT_PROTOTYPES = YES;
				CLANG_WARN_SUSPICIOUS_MOVE = YES;
				CLANG_WARN_UNGUARDED_AVAILABILITY = YES_AGGRESSIVE;
				CLANG_WARN_UNREACHABLE_CODE = YES;
				CLANG_WARN__DUPLICATE_METHOD_MATCH = YES;
				COPY_PHASE_STRIP = NO;
				DEBUG_INFORMATION_FORMAT = "dwarf-with-dsym";
				ENABLE_NS_ASSERTIONS = NO;
				ENABLE_STRICT_OBJC_MSGSEND = YES;
				GCC_C_LANGUAGE_STANDARD = gnu11;
				GCC_NO_COMMON_BLOCKS = YES;
				GCC_WARN_64_TO_32_BIT_CONVERSION = YES;
				GCC_WARN_ABOUT_RETURN_TYPE = YES_ERROR;
				GCC_WARN_UNDECLARED_SELECTOR = YES;
				GCC_WARN_UNINITIALIZED_AUTOS = YES_AGGRESSIVE;
				GCC_WARN_UNUSED_FUNCTION = YES;
				GCC_WARN_UNUSED_VARIABLE = YES;
				IPHONEOS_DEPLOYMENT_TARGET = 14.4;
				MTL_ENABLE_DEBUG_INFO = NO;
				MTL_FAST_MATH = YES;
				SDKROOT = iphoneos;
				SWIFT_COMPILATION_MODE = wholemodule;
				SWIFT_OPTIMIZATION_LEVEL = "-O";
				VALIDATE_PRODUCT = YES;
			};
			name = Release;
		};
		B6F504C8260695E7005E20A5 /* Debug */ = {
			isa = XCBuildConfiguration;
			buildSettings = {
				ASSETCATALOG_COMPILER_APPICON_NAME = AppIcon;
				ASSETCATALOG_COMPILER_GLOBAL_ACCENT_COLOR_NAME = AccentColor;
				CODE_SIGN_STYLE = Automatic;
				DEVELOPMENT_ASSET_PATHS = "\"Budget/Preview Content\"";
				DEVELOPMENT_TEAM = 2T7578C428;
				ENABLE_PREVIEWS = YES;
				INFOPLIST_FILE = Budget/Info.plist;
				IPHONEOS_DEPLOYMENT_TARGET = 14.0;
				LD_RUNPATH_SEARCH_PATHS = (
					"$(inherited)",
					"@executable_path/Frameworks",
				);
				PRODUCT_BUNDLE_IDENTIFIER = com.bryanboateng.Budget;
				PRODUCT_NAME = "$(TARGET_NAME)";
				SWIFT_VERSION = 5.0;
				TARGETED_DEVICE_FAMILY = 1;
			};
			name = Debug;
		};
		B6F504C9260695E7005E20A5 /* Release */ = {
			isa = XCBuildConfiguration;
			buildSettings = {
				ASSETCATALOG_COMPILER_APPICON_NAME = AppIcon;
				ASSETCATALOG_COMPILER_GLOBAL_ACCENT_COLOR_NAME = AccentColor;
				CODE_SIGN_STYLE = Automatic;
				DEVELOPMENT_ASSET_PATHS = "\"Budget/Preview Content\"";
				DEVELOPMENT_TEAM = 2T7578C428;
				ENABLE_PREVIEWS = YES;
				INFOPLIST_FILE = Budget/Info.plist;
				IPHONEOS_DEPLOYMENT_TARGET = 14.0;
				LD_RUNPATH_SEARCH_PATHS = (
					"$(inherited)",
					"@executable_path/Frameworks",
				);
				PRODUCT_BUNDLE_IDENTIFIER = com.bryanboateng.Budget;
				PRODUCT_NAME = "$(TARGET_NAME)";
				SWIFT_VERSION = 5.0;
				TARGETED_DEVICE_FAMILY = 1;
			};
			name = Release;
		};
/* End XCBuildConfiguration section */

/* Begin XCConfigurationList section */
		B6F504B3260695E5005E20A5 /* Build configuration list for PBXProject "Budget" */ = {
			isa = XCConfigurationList;
			buildConfigurations = (
				B6F504C5260695E7005E20A5 /* Debug */,
				B6F504C6260695E7005E20A5 /* Release */,
			);
			defaultConfigurationIsVisible = 0;
			defaultConfigurationName = Release;
		};
		B6F504C7260695E7005E20A5 /* Build configuration list for PBXNativeTarget "Budget" */ = {
			isa = XCConfigurationList;
			buildConfigurations = (
				B6F504C8260695E7005E20A5 /* Debug */,
				B6F504C9260695E7005E20A5 /* Release */,
			);
			defaultConfigurationIsVisible = 0;
			defaultConfigurationName = Release;
		};
/* End XCConfigurationList section */

/* Begin XCVersionGroup section */
		B668E3A3261644F50099C3AB /* Budget.xcdatamodeld */ = {
			isa = XCVersionGroup;
			children = (
				B668E3A4261644F50099C3AB /* Budget.xcdatamodel */,
			);
			currentVersion = B668E3A4261644F50099C3AB /* Budget.xcdatamodel */;
			path = Budget.xcdatamodeld;
			sourceTree = "<group>";
			versionGroupType = wrapper.xcdatamodel;
		};
/* End XCVersionGroup section */
	};
	rootObject = B6F504B0260695E5005E20A5 /* Project object */;
}
